<?xml version="1.0" encoding="utf-8"?>
<Project ToolsVersion="4.0" xmlns="http://schemas.microsoft.com/developer/msbuild/2003">
  <ItemGroup>
    <Filter Include="Archivos de origen">
      <UniqueIdentifier>{4FC737F1-C7A5-4376-A066-2A32D752A2FF}</UniqueIdentifier>
      <Extensions>cpp;c;cc;cxx;c++;cppm;ixx;def;odl;idl;hpj;bat;asm;asmx</Extensions>
    </Filter>
    <Filter Include="Archivos de encabezado">
      <UniqueIdentifier>{93995380-89BD-4b04-88EB-625FBE52EBFB}</UniqueIdentifier>
      <Extensions>h;hh;hpp;hxx;h++;hm;inl;inc;ipp;xsd</Extensions>
    </Filter>
    <Filter Include="Archivos de recursos">
      <UniqueIdentifier>{67DA6AB6-F800-4c08-8B7A-83BB121AAD01}</UniqueIdentifier>
      <Extensions>rc;ico;cur;bmp;dlg;rc2;rct;bin;rgs;gif;jpg;jpeg;jpe;resx;tiff;tif;png;wav;mfcribbon-ms</Extensions>
    </Filter>
    <Filter Include="Archivos de encabezado\layers">
      <UniqueIdentifier>{d06e9bf1-9aa4-4d0f-9a47-7a82ef44210d}</UniqueIdentifier>
    </Filter>
    <Filter Include="Archivos de origen\layers">
      <UniqueIdentifier>{9a23b545-3e27-413e-b806-dc4fe20463c4}</UniqueIdentifier>
    </Filter>
    <Filter Include="Archivos de encabezado\actores">
      <UniqueIdentifier>{5d1e94bf-c771-45d7-af5c-50ca4a31b813}</UniqueIdentifier>
    </Filter>
    <Filter Include="Archivos de origen\actores">
      <UniqueIdentifier>{3b2d0061-105a-4f7e-a741-325705fbf433}</UniqueIdentifier>
    </Filter>
    <Filter Include="Archivos de encabezado\actores\personajes">
      <UniqueIdentifier>{1e1931cc-8543-4016-bae5-d433632f4e28}</UniqueIdentifier>
    </Filter>
    <Filter Include="Archivos de origen\actores\personajes">
      <UniqueIdentifier>{28cbaf3b-0115-4c8a-bcd0-58e037fbdb2c}</UniqueIdentifier>
    </Filter>
    <Filter Include="Archivos de origen\actores\tiles">
      <UniqueIdentifier>{c47e650d-5caa-4aa7-ba85-c283361ba761}</UniqueIdentifier>
    </Filter>
    <Filter Include="Archivos de encabezado\actores\tiles">
      <UniqueIdentifier>{53ad96ec-abe3-4bf6-a161-bbb3ddac1ef1}</UniqueIdentifier>
    </Filter>
  </ItemGroup>
  <ItemGroup>
    <ClInclude Include="Game.h">
      <Filter>Archivos de encabezado</Filter>
    </ClInclude>
    <ClInclude Include="Layer.h">
      <Filter>Archivos de encabezado\layers</Filter>
    </ClInclude>
    <ClInclude Include="GameLayer.h">
      <Filter>Archivos de encabezado\layers</Filter>
    </ClInclude>
    <ClInclude Include="MenuLayer.h">
      <Filter>Archivos de encabezado\layers</Filter>
    </ClInclude>
    <ClInclude Include="Actor.h">
      <Filter>Archivos de encabezado\actores</Filter>
    </ClInclude>
    <ClInclude Include="Background.h">
      <Filter>Archivos de encabezado\actores</Filter>
    </ClInclude>
    <ClInclude Include="Animation.h">
      <Filter>Archivos de encabezado</Filter>
    </ClInclude>
    <ClInclude Include="Player.h">
      <Filter>Archivos de encabezado\actores\personajes</Filter>
    </ClInclude>
    <ClInclude Include="Tucan.h">
      <Filter>Archivos de encabezado\actores\personajes</Filter>
    </ClInclude>
    <ClInclude Include="Space.h">
      <Filter>Archivos de encabezado</Filter>
    </ClInclude>
    <ClInclude Include="Audio.h">
      <Filter>Archivos de encabezado</Filter>
    </ClInclude>
    <ClInclude Include="CharacterSelectionLayer.h">
      <Filter>Archivos de encabezado\layers</Filter>
    </ClInclude>
    <ClInclude Include="Tile.h">
      <Filter>Archivos de encabezado\actores\tiles</Filter>
    </ClInclude>
    <ClInclude Include="VineTile.h">
      <Filter>Archivos de encabezado\actores\tiles</Filter>
    </ClInclude>
    <ClInclude Include="Mono.h">
      <Filter>Archivos de encabezado\actores\personajes</Filter>
    </ClInclude>
    <ClInclude Include="BoxTile.h">
      <Filter>Archivos de encabezado\actores\tiles</Filter>
    </ClInclude>
    <ClInclude Include="Serpiente.h">
      <Filter>Archivos de encabezado\actores\personajes</Filter>
    </ClInclude>
    <ClInclude Include="Elefante.h">
      <Filter>Archivos de encabezado\actores\personajes</Filter>
    </ClInclude>
    <ClInclude Include="Capibara.h">
      <Filter>Archivos de encabezado\actores\personajes</Filter>
    </ClInclude>
    <ClInclude Include="WaterTileFondo.h">
      <Filter>Archivos de encabezado\actores\tiles</Filter>
    </ClInclude>
    <ClInclude Include="WaterTile.h">
      <Filter>Archivos de encabezado\actores\tiles</Filter>
    </ClInclude>
    <ClInclude Include="CharacterIcon.h">
      <Filter>Archivos de encabezado\actores</Filter>
    </ClInclude>
    <ClInclude Include="ForbiddenSymbol.h">
      <Filter>Archivos de encabezado\actores</Filter>
    </ClInclude>
  </ItemGroup>
  <ItemGroup>
    <ClCompile Include="Game.cpp">
      <Filter>Archivos de origen</Filter>
    </ClCompile>
    <ClCompile Include="Layer.cpp">
      <Filter>Archivos de origen\layers</Filter>
    </ClCompile>
    <ClCompile Include="Main.cpp">
      <Filter>Archivos de origen</Filter>
    </ClCompile>
    <ClCompile Include="GameLayer.cpp">
      <Filter>Archivos de origen\layers</Filter>
    </ClCompile>
    <ClCompile Include="MenuLayer.cpp">
      <Filter>Archivos de origen\layers</Filter>
    </ClCompile>
    <ClCompile Include="Actor.cpp">
      <Filter>Archivos de origen\actores</Filter>
    </ClCompile>
    <ClCompile Include="Background.cpp">
      <Filter>Archivos de origen\actores</Filter>
    </ClCompile>
    <ClCompile Include="Animation.cpp">
      <Filter>Archivos de origen</Filter>
    </ClCompile>
    <ClCompile Include="Tucan.cpp">
      <Filter>Archivos de origen\actores\personajes</Filter>
    </ClCompile>
    <ClCompile Include="Player.cpp">
      <Filter>Archivos de origen\actores\personajes</Filter>
    </ClCompile>
    <ClCompile Include="Space.cpp">
      <Filter>Archivos de origen</Filter>
    </ClCompile>
    <ClCompile Include="Audio.cpp">
      <Filter>Archivos de origen</Filter>
    </ClCompile>
    <ClCompile Include="CharacterSelectionLayer.cpp">
      <Filter>Archivos de origen\layers</Filter>
    </ClCompile>
    <ClCompile Include="Tile.cpp">
      <Filter>Archivos de origen\actores\tiles</Filter>
    </ClCompile>
    <ClCompile Include="VineTile.cpp">
      <Filter>Archivos de origen\actores\tiles</Filter>
    </ClCompile>
    <ClCompile Include="Mono.cpp">
      <Filter>Archivos de origen\actores\personajes</Filter>
    </ClCompile>
    <ClCompile Include="BoxTile.cpp">
      <Filter>Archivos de origen\actores\tiles</Filter>
    </ClCompile>
    <ClCompile Include="Elefante.cpp">
      <Filter>Archivos de origen\actores\personajes</Filter>
    </ClCompile>
    <ClCompile Include="Capibara.cpp">
      <Filter>Archivos de origen\actores\personajes</Filter>
    </ClCompile>
    <ClCompile Include="Serpiente.cpp">
      <Filter>Archivos de origen\actores\personajes</Filter>
    </ClCompile>
    <ClCompile Include="WaterTile.cpp">
      <Filter>Archivos de origen\actores\tiles</Filter>
    </ClCompile>
    <ClCompile Include="WaterTileFondo.cpp">
      <Filter>Archivos de origen\actores\tiles</Filter>
    </ClCompile>
    <ClCompile Include="CharacterIcon.cpp">
      <Filter>Archivos de origen\actores</Filter>
    </ClCompile>
    <ClCompile Include="ForbiddenSymbol.cpp">
      <Filter>Archivos de origen\actores</Filter>
    </ClCompile>
  </ItemGroup>
</Project>